
Microsoft Visual Studio Solution File, Format Version 12.00
# Visual Studio Version 17
VisualStudioVersion = 17.14.37012.4
MinimumVisualStudioVersion = 10.0.40219.1
Project("{8BC9CEB8-8B4A-11D0-8D11-00A0C91BC942}") = "OFGal_Engine", "OFGal_Engine.vcxproj", "{7C962724-B67A-46E5-887C-86B4855E3FE0}"
EndProject
Project("{8BC9CEB8-8B4A-11D0-8D11-00A0C91BC942}") = "ProjectStructureViewer", "ProjectStructureViewer\ProjectStructureViewer.vcxproj", "{6C0D6793-057F-4F88-BF67-B55D47E8A257}"
EndProject
Project("{8BC9CEB8-8B4A-11D0-8D11-00A0C91BC942}") = "FolderViewer", "FolderViewer\FolderViewer.vcxproj", "{4717FA13-6627-4101-A7ED-D94757E521EB}"
EndProject
Project("{8BC9CEB8-8B4A-11D0-8D11-00A0C91BC942}") = "YesOrNo", "YesOrNo\YesOrNo.vcxproj", "{46AC2756-AD80-4551-A4C7-8AC6FCC9146C}"
EndProject
Project("{8BC9CEB8-8B4A-11D0-8D11-00A0C91BC942}") = "AddItem", "AddFile\AddFile.vcxproj", "{667449F0-579A-4966-ADB5-3546ED622966}"
EndProject
Project("{8BC9CEB8-8B4A-11D0-8D11-00A0C91BC942}") = "LevelTreeList", "LevelTreeList\LevelTreeList.vcxproj", "{D3B90257-8B6C-4E35-AAB2-3D3EC5FCED44}"
EndProject
Project("{8BC9CEB8-8B4A-11D0-8D11-00A0C91BC942}") = "DetailViewer", "DetailViewer\DetailViewer.vcxproj", "{53169C77-9B22-4F95-89E1-B59D71F8B3CE}"
EndProject
Project("{8BC9CEB8-8B4A-11D0-8D11-00A0C91BC942}") = "LevelViewer", "LevelViewer\LevelViewer.vcxproj", "{1D5F8A64-B356-4209-B8B4-CA70D8153D14}"
EndProject
Project("{8BC9CEB8-8B4A-11D0-8D11-00A0C91BC942}") = "BlueprintViewer", "BlueprintViewer\BlueprintViewer.vcxproj", "{CFE55CD3-D689-422E-A686-6A8968C0EE8A}"
EndProject
Project("{8BC9CEB8-8B4A-11D0-8D11-00A0C91BC942}") = "NodeViewer", "NodeViewer\NodeViewer.vcxproj", "{366698B5-82FF-49C2-BF3C-F134DE66EE34}"
EndProject
Project("{8BC9CEB8-8B4A-11D0-8D11-00A0C91BC942}") = "VariablesViewer", "VariablesViewer\VariablesViewer.vcxproj", "{2BE42070-DF06-4F03-9933-5BC76E3915D3}"
EndProject
Global
	GlobalSection(SolutionConfigurationPlatforms) = preSolution
		Debug|x64 = Debug|x64
		Debug|x86 = Debug|x86
		Release|x64 = Release|x64
		Release|x86 = Release|x86
	EndGlobalSection
	GlobalSection(ProjectConfigurationPlatforms) = postSolution
		{7C962724-B67A-46E5-887C-86B4855E3FE0}.Debug|x64.ActiveCfg = Debug|x64
		{7C962724-B67A-46E5-887C-86B4855E3FE0}.Debug|x64.Build.0 = Debug|x64
		{7C962724-B67A-46E5-887C-86B4855E3FE0}.Debug|x86.ActiveCfg = Debug|Win32
		{7C962724-B67A-46E5-887C-86B4855E3FE0}.Debug|x86.Build.0 = Debug|Win32
		{7C962724-B67A-46E5-887C-86B4855E3FE0}.Release|x64.ActiveCfg = Release|x64
		{7C962724-B67A-46E5-887C-86B4855E3FE0}.Release|x64.Build.0 = Release|x64
		{7C962724-B67A-46E5-887C-86B4855E3FE0}.Release|x86.ActiveCfg = Release|Win32
		{7C962724-B67A-46E5-887C-86B4855E3FE0}.Release|x86.Build.0 = Release|Win32
		{6C0D6793-057F-4F88-BF67-B55D47E8A257}.Debug|x64.ActiveCfg = Debug|x64
		{6C0D6793-057F-4F88-BF67-B55D47E8A257}.Debug|x64.Build.0 = Debug|x64
		{6C0D6793-057F-4F88-BF67-B55D47E8A257}.Debug|x86.ActiveCfg = Debug|Win32
		{6C0D6793-057F-4F88-BF67-B55D47E8A257}.Debug|x86.Build.0 = Debug|Win32
		{6C0D6793-057F-4F88-BF67-B55D47E8A257}.Release|x64.ActiveCfg = Release|x64
		{6C0D6793-057F-4F88-BF67-B55D47E8A257}.Release|x64.Build.0 = Release|x64
		{6C0D6793-057F-4F88-BF67-B55D47E8A257}.Release|x86.ActiveCfg = Release|Win32
		{6C0D6793-057F-4F88-BF67-B55D47E8A257}.Release|x86.Build.0 = Release|Win32
		{4717FA13-6627-4101-A7ED-D94757E521EB}.Debug|x64.ActiveCfg = Debug|x64
		{4717FA13-6627-4101-A7ED-D94757E521EB}.Debug|x64.Build.0 = Debug|x64
		{4717FA13-6627-4101-A7ED-D94757E521EB}.Debug|x86.ActiveCfg = Debug|Win32
		{4717FA13-6627-4101-A7ED-D94757E521EB}.Debug|x86.Build.0 = Debug|Win32
		{4717FA13-6627-4101-A7ED-D94757E521EB}.Release|x64.ActiveCfg = Release|x64
		{4717FA13-6627-4101-A7ED-D94757E521EB}.Release|x64.Build.0 = Release|x64
		{4717FA13-6627-4101-A7ED-D94757E521EB}.Release|x86.ActiveCfg = Release|Win32
		{4717FA13-6627-4101-A7ED-D94757E521EB}.Release|x86.Build.0 = Release|Win32
		{46AC2756-AD80-4551-A4C7-8AC6FCC9146C}.Debug|x64.ActiveCfg = Debug|x64
		{46AC2756-AD80-4551-A4C7-8AC6FCC9146C}.Debug|x64.Build.0 = Debug|x64
		{46AC2756-AD80-4551-A4C7-8AC6FCC9146C}.Debug|x86.ActiveCfg = Debug|Win32
		{46AC2756-AD80-4551-A4C7-8AC6FCC9146C}.Debug|x86.Build.0 = Debug|Win32
		{46AC2756-AD80-4551-A4C7-8AC6FCC9146C}.Release|x64.ActiveCfg = Release|x64
		{46AC2756-AD80-4551-A4C7-8AC6FCC9146C}.Release|x64.Build.0 = Release|x64
		{46AC2756-AD80-4551-A4C7-8AC6FCC9146C}.Release|x86.ActiveCfg = Release|Win32
		{46AC2756-AD80-4551-A4C7-8AC6FCC9146C}.Release|x86.Build.0 = Release|Win32
		{667449F0-579A-4966-ADB5-3546ED622966}.Debug|x64.ActiveCfg = Debug|x64
		{667449F0-579A-4966-ADB5-3546ED622966}.Debug|x64.Build.0 = Debug|x64
		{667449F0-579A-4966-ADB5-3546ED622966}.Debug|x86.ActiveCfg = Debug|Win32
		{667449F0-579A-4966-ADB5-3546ED622966}.Debug|x86.Build.0 = Debug|Win32
		{667449F0-579A-4966-ADB5-3546ED622966}.Release|x64.ActiveCfg = Release|x64
		{667449F0-579A-4966-ADB5-3546ED622966}.Release|x64.Build.0 = Release|x64
		{667449F0-579A-4966-ADB5-3546ED622966}.Release|x86.ActiveCfg = Release|Win32
		{667449F0-579A-4966-ADB5-3546ED622966}.Release|x86.Build.0 = Release|Win32
		{D3B90257-8B6C-4E35-AAB2-3D3EC5FCED44}.Debug|x64.ActiveCfg = Debug|x64
		{D3B90257-8B6C-4E35-AAB2-3D3EC5FCED44}.Debug|x64.Build.0 = Debug|x64
		{D3B90257-8B6C-4E35-AAB2-3D3EC5FCED44}.Debug|x86.ActiveCfg = Debug|Win32
		{D3B90257-8B6C-4E35-AAB2-3D3EC5FCED44}.Debug|x86.Build.0 = Debug|Win32
		{D3B90257-8B6C-4E35-AAB2-3D3EC5FCED44}.Release|x64.ActiveCfg = Release|x64
		{D3B90257-8B6C-4E35-AAB2-3D3EC5FCED44}.Release|x64.Build.0 = Release|x64
		{D3B90257-8B6C-4E35-AAB2-3D3EC5FCED44}.Release|x86.ActiveCfg = Release|Win32
		{D3B90257-8B6C-4E35-AAB2-3D3EC5FCED44}.Release|x86.Build.0 = Release|Win32
		{53169C77-9B22-4F95-89E1-B59D71F8B3CE}.Debug|x64.ActiveCfg = Debug|x64
		{53169C77-9B22-4F95-89E1-B59D71F8B3CE}.Debug|x64.Build.0 = Debug|x64
		{53169C77-9B22-4F95-89E1-B59D71F8B3CE}.Debug|x86.ActiveCfg = Debug|Win32
		{53169C77-9B22-4F95-89E1-B59D71F8B3CE}.Debug|x86.Build.0 = Debug|Win32
		{53169C77-9B22-4F95-89E1-B59D71F8B3CE}.Release|x64.ActiveCfg = Release|x64
		{53169C77-9B22-4F95-89E1-B59D71F8B3CE}.Release|x64.Build.0 = Release|x64
		{53169C77-9B22-4F95-89E1-B59D71F8B3CE}.Release|x86.ActiveCfg = Release|Win32
		{53169C77-9B22-4F95-89E1-B59D71F8B3CE}.Release|x86.Build.0 = Release|Win32
		{1D5F8A64-B356-4209-B8B4-CA70D8153D14}.Debug|x64.ActiveCfg = Debug|x64
		{1D5F8A64-B356-4209-B8B4-CA70D8153D14}.Debug|x64.Build.0 = Debug|x64
		{1D5F8A64-B356-4209-B8B4-CA70D8153D14}.Debug|x86.ActiveCfg = Debug|Win32
		{1D5F8A64-B356-4209-B8B4-CA70D8153D14}.Debug|x86.Build.0 = Debug|Win32
		{1D5F8A64-B356-4209-B8B4-CA70D8153D14}.Release|x64.ActiveCfg = Release|x64
		{1D5F8A64-B356-4209-B8B4-CA70D8153D14}.Release|x64.Build.0 = Release|x64
		{1D5F8A64-B356-4209-B8B4-CA70D8153D14}.Release|x86.ActiveCfg = Release|Win32
		{1D5F8A64-B356-4209-B8B4-CA70D8153D14}.Release|x86.Build.0 = Release|Win32
		{CFE55CD3-D689-422E-A686-6A8968C0EE8A}.Debug|x64.ActiveCfg = Debug|x64
		{CFE55CD3-D689-422E-A686-6A8968C0EE8A}.Debug|x64.Build.0 = Debug|x64
		{CFE55CD3-D689-422E-A686-6A8968C0EE8A}.Debug|x86.ActiveCfg = Debug|Win32
		{CFE55CD3-D689-422E-A686-6A8968C0EE8A}.Debug|x86.Build.0 = Debug|Win32
		{CFE55CD3-D689-422E-A686-6A8968C0EE8A}.Release|x64.ActiveCfg = Release|x64
		{CFE55CD3-D689-422E-A686-6A8968C0EE8A}.Release|x64.Build.0 = Release|x64
		{CFE55CD3-D689-422E-A686-6A8968C0EE8A}.Release|x86.ActiveCfg = Release|Win32
		{CFE55CD3-D689-422E-A686-6A8968C0EE8A}.Release|x86.Build.0 = Release|Win32
		{366698B5-82FF-49C2-BF3C-F134DE66EE34}.Debug|x64.ActiveCfg = Debug|x64
		{366698B5-82FF-49C2-BF3C-F134DE66EE34}.Debug|x64.Build.0 = Debug|x64
		{366698B5-82FF-49C2-BF3C-F134DE66EE34}.Debug|x86.ActiveCfg = Debug|Win32
		{366698B5-82FF-49C2-BF3C-F134DE66EE34}.Debug|x86.Build.0 = Debug|Win32
		{366698B5-82FF-49C2-BF3C-F134DE66EE34}.Release|x64.ActiveCfg = Release|x64
		{366698B5-82FF-49C2-BF3C-F134DE66EE34}.Release|x64.Build.0 = Release|x64
		{366698B5-82FF-49C2-BF3C-F134DE66EE34}.Release|x86.ActiveCfg = Release|Win32
		{366698B5-82FF-49C2-BF3C-F134DE66EE34}.Release|x86.Build.0 = Release|Win32
		{2BE42070-DF06-4F03-9933-5BC76E3915D3}.Debug|x64.ActiveCfg = Debug|x64
		{2BE42070-DF06-4F03-9933-5BC76E3915D3}.Debug|x64.Build.0 = Debug|x64
		{2BE42070-DF06-4F03-9933-5BC76E3915D3}.Debug|x86.ActiveCfg = Debug|Win32
		{2BE42070-DF06-4F03-9933-5BC76E3915D3}.Debug|x86.Build.0 = Debug|Win32
		{2BE42070-DF06-4F03-9933-5BC76E3915D3}.Release|x64.ActiveCfg = Release|x64
		{2BE42070-DF06-4F03-9933-5BC76E3915D3}.Release|x64.Build.0 = Release|x64
		{2BE42070-DF06-4F03-9933-5BC76E3915D3}.Release|x86.ActiveCfg = Release|Win32
		{2BE42070-DF06-4F03-9933-5BC76E3915D3}.Release|x86.Build.0 = Release|Win32
	EndGlobalSection
	GlobalSection(SolutionProperties) = preSolution
		HideSolutionNode = FALSE
	EndGlobalSection
	GlobalSection(ExtensibilityGlobals) = postSolution
		SolutionGuid = {EEF4DFB9-9139-4480-91D9-0CCDEA6D92D8}
	EndGlobalSection
EndGlobal
