
Microsoft Visual Studio Solution File, Format Version 12.00
# Visual Studio Version 17
VisualStudioVersion = 17.14.37012.4
MinimumVisualStudioVersion = 10.0.40219.1
Project("{8BC9CEB8-8B4A-11D0-8D11-00A0C91BC942}") = "OFGal_Engine", "OFGal_Engine.vcxproj", "{7C962724-B67A-46E5-887C-86B4855E3FE0}"
EndProject
Project("{8BC9CEB8-8B4A-11D0-8D11-00A0C91BC942}") = "ProjectStructureViewer", "ProjectStructureViewer\ProjectStructureViewer.vcxproj", "{6C0D6793-057F-4F88-BF67-B55D47E8A257}"
EndProject
Global
	GlobalSection(SolutionConfigurationPlatforms) = preSolution
		Debug|x64 = Debug|x64
		Debug|x86 = Debug|x86
		Release|x64 = Release|x64
		Release|x86 = Release|x86
	EndGlobalSection
	GlobalSection(ProjectConfigurationPlatforms) = postSolution
		{7C962724-B67A-46E5-887C-86B4855E3FE0}.Debug|x64.ActiveCfg = Debug|x64
		{7C962724-B67A-46E5-887C-86B4855E3FE0}.Debug|x64.Build.0 = Debug|x64
		{7C962724-B67A-46E5-887C-86B4855E3FE0}.Debug|x86.ActiveCfg = Debug|Win32
		{7C962724-B67A-46E5-887C-86B4855E3FE0}.Debug|x86.Build.0 = Debug|Win32
		{7C962724-B67A-46E5-887C-86B4855E3FE0}.Release|x64.ActiveCfg = Release|x64
		{7C962724-B67A-46E5-887C-86B4855E3FE0}.Release|x64.Build.0 = Release|x64
		{7C962724-B67A-46E5-887C-86B4855E3FE0}.Release|x86.ActiveCfg = Release|Win32
		{7C962724-B67A-46E5-887C-86B4855E3FE0}.Release|x86.Build.0 = Release|Win32
		{6C0D6793-057F-4F88-BF67-B55D47E8A257}.Debug|x64.ActiveCfg = Debug|x64
		{6C0D6793-057F-4F88-BF67-B55D47E8A257}.Debug|x64.Build.0 = Debug|x64
		{6C0D6793-057F-4F88-BF67-B55D47E8A257}.Debug|x86.ActiveCfg = Debug|Win32
		{6C0D6793-057F-4F88-BF67-B55D47E8A257}.Debug|x86.Build.0 = Debug|Win32
		{6C0D6793-057F-4F88-BF67-B55D47E8A257}.Release|x64.ActiveCfg = Release|x64
		{6C0D6793-057F-4F88-BF67-B55D47E8A257}.Release|x64.Build.0 = Release|x64
		{6C0D6793-057F-4F88-BF67-B55D47E8A257}.Release|x86.ActiveCfg = Release|Win32
		{6C0D6793-057F-4F88-BF67-B55D47E8A257}.Release|x86.Build.0 = Release|Win32
	EndGlobalSection
	GlobalSection(SolutionProperties) = preSolution
		HideSolutionNode = FALSE
	EndGlobalSection
	GlobalSection(ExtensibilityGlobals) = postSolution
		SolutionGuid = {EEF4DFB9-9139-4480-91D9-0CCDEA6D92D8}
	EndGlobalSection
EndGlobal
