<?xml version="1.0" encoding="utf-8"?>
<Project ToolsVersion="4.0" xmlns="http://schemas.microsoft.com/developer/msbuild/2003">
  <ItemGroup>
    <Filter Include="Source Files">
      <UniqueIdentifier>{4FC737F1-C7A5-4376-A066-2A32D752A2FF}</UniqueIdentifier>
      <Extensions>cpp;c;cc;cxx;c++;cppm;ixx;def;odl;idl;hpj;bat;asm;asmx</Extensions>
    </Filter>
    <Filter Include="Header Files">
      <UniqueIdentifier>{93995380-89BD-4b04-88EB-625FBE52EBFB}</UniqueIdentifier>
      <Extensions>h;hh;hpp;hxx;h++;hm;inl;inc;ipp;xsd</Extensions>
    </Filter>
    <Filter Include="Resource Files">
      <UniqueIdentifier>{67DA6AB6-F800-4c08-8B7A-83BB121AAD01}</UniqueIdentifier>
      <Extensions>rc;ico;cur;bmp;dlg;rc2;rct;bin;rgs;gif;jpg;jpeg;jpe;resx;tiff;tif;png;wav;mfcribbon-ms</Extensions>
    </Filter>
    <Filter Include="Header Files\input">
      <UniqueIdentifier>{909fff15-b600-4b7f-b255-77c454c563fe}</UniqueIdentifier>
    </Filter>
    <Filter Include="Header Files\readJson">
      <UniqueIdentifier>{53352f77-3c55-4495-a108-2911780fe0d0}</UniqueIdentifier>
    </Filter>
    <Filter Include="Source Files\input">
      <UniqueIdentifier>{25a72ed9-71e5-48a2-b322-ed641994a5ad}</UniqueIdentifier>
    </Filter>
    <Filter Include="Source Files\readJson">
      <UniqueIdentifier>{cc24431e-ff21-4eef-8568-0c0463cc15ae}</UniqueIdentifier>
    </Filter>
  </ItemGroup>
  <ItemGroup>
    <ClCompile Include="main.cpp">
      <Filter>Source Files</Filter>
    </ClCompile>
    <ClCompile Include="InputCollector.cpp">
      <Filter>Source Files\input</Filter>
    </ClCompile>
    <ClCompile Include="InputSystem.cpp">
      <Filter>Source Files\input</Filter>
    </ClCompile>
    <ClCompile Include="Json_BPData_ReadWrite.cpp">
      <Filter>Source Files\readJson</Filter>
    </ClCompile>
  </ItemGroup>
  <ItemGroup>
    <ClInclude Include="Debug.h">
      <Filter>Header Files</Filter>
    </ClInclude>
    <ClInclude Include="SharedTypes.h">
      <Filter>Header Files</Filter>
    </ClInclude>
    <ClInclude Include="InputCollector.h">
      <Filter>Header Files\input</Filter>
    </ClInclude>
    <ClInclude Include="InputSystem.h">
      <Filter>Header Files\input</Filter>
    </ClInclude>
    <ClInclude Include="Json_BPData_ReadWrite.h">
      <Filter>Header Files\readJson</Filter>
    </ClInclude>
  </ItemGroup>
</Project>